
Microsoft Visual Studio Solution File, Format Version 11.00
Project("{FAE04EC0-301F-11D3-BF4B-00C04F79EFBC}") = "Projector", "Projector\Projector.csproj", "{5F221CC0-0187-4FE4-AB18-5E310CC5F106}"
EndProject
Project("{FAE04EC0-301F-11D3-BF4B-00C04F79EFBC}") = "Projector.Specifications", "Projector.Specifications\Projector.Specifications.csproj", "{7EDF3E80-4FF9-4FA0-82E4-6120EC6DF41D}"
EndProject
Global
	GlobalSection(SolutionConfigurationPlatforms) = preSolution
		Debug|Any CPU = Debug|Any CPU
		Debug|Mixed Platforms = Debug|Mixed Platforms
		Debug|x86 = Debug|x86
		Release|Any CPU = Release|Any CPU
		Release|Mixed Platforms = Release|Mixed Platforms
		Release|x86 = Release|x86
	EndGlobalSection
	GlobalSection(ProjectConfigurationPlatforms) = postSolution
		{5F221CC0-0187-4FE4-AB18-5E310CC5F106}.Debug|Any CPU.ActiveCfg = Debug|x86
		{5F221CC0-0187-4FE4-AB18-5E310CC5F106}.Debug|Mixed Platforms.ActiveCfg = Debug|x86
		{5F221CC0-0187-4FE4-AB18-5E310CC5F106}.Debug|Mixed Platforms.Build.0 = Debug|x86
		{5F221CC0-0187-4FE4-AB18-5E310CC5F106}.Debug|x86.ActiveCfg = Debug|x86
		{5F221CC0-0187-4FE4-AB18-5E310CC5F106}.Debug|x86.Build.0 = Debug|x86
		{5F221CC0-0187-4FE4-AB18-5E310CC5F106}.Release|Any CPU.ActiveCfg = Release|x86
		{5F221CC0-0187-4FE4-AB18-5E310CC5F106}.Release|Mixed Platforms.ActiveCfg = Release|x86
		{5F221CC0-0187-4FE4-AB18-5E310CC5F106}.Release|Mixed Platforms.Build.0 = Release|x86
		{5F221CC0-0187-4FE4-AB18-5E310CC5F106}.Release|x86.ActiveCfg = Release|x86
		{5F221CC0-0187-4FE4-AB18-5E310CC5F106}.Release|x86.Build.0 = Release|x86
		{7EDF3E80-4FF9-4FA0-82E4-6120EC6DF41D}.Debug|Any CPU.ActiveCfg = Debug|Any CPU
		{7EDF3E80-4FF9-4FA0-82E4-6120EC6DF41D}.Debug|Any CPU.Build.0 = Debug|Any CPU
		{7EDF3E80-4FF9-4FA0-82E4-6120EC6DF41D}.Debug|Mixed Platforms.ActiveCfg = Debug|Any CPU
		{7EDF3E80-4FF9-4FA0-82E4-6120EC6DF41D}.Debug|Mixed Platforms.Build.0 = Debug|Any CPU
		{7EDF3E80-4FF9-4FA0-82E4-6120EC6DF41D}.Debug|x86.ActiveCfg = Debug|Any CPU
		{7EDF3E80-4FF9-4FA0-82E4-6120EC6DF41D}.Release|Any CPU.ActiveCfg = Release|Any CPU
		{7EDF3E80-4FF9-4FA0-82E4-6120EC6DF41D}.Release|Any CPU.Build.0 = Release|Any CPU
		{7EDF3E80-4FF9-4FA0-82E4-6120EC6DF41D}.Release|Mixed Platforms.ActiveCfg = Release|Any CPU
		{7EDF3E80-4FF9-4FA0-82E4-6120EC6DF41D}.Release|Mixed Platforms.Build.0 = Release|Any CPU
		{7EDF3E80-4FF9-4FA0-82E4-6120EC6DF41D}.Release|x86.ActiveCfg = Release|Any CPU
	EndGlobalSection
	GlobalSection(SolutionProperties) = preSolution
		HideSolutionNode = FALSE
	EndGlobalSection
EndGlobal
